
Microsoft Visual Studio Solution File, Format Version 12.00
# Visual Studio Version 16
VisualStudioVersion = 16.0.32228.343
MinimumVisualStudioVersion = 10.0.40219.1
Project("{FAE04EC0-301F-11D3-BF4B-00C04F79EFBC}") = "EjercicioI01-Prestamo", "EjercicioI01-Prestamo\EjercicioI01-Prestamo.csproj", "{DE2FED07-935A-4AD8-9F16-98427BA417D0}"
EndProject
Project("{FAE04EC0-301F-11D3-BF4B-00C04F79EFBC}") = "Biblioteca", "Biblioteca\Biblioteca.csproj", "{653F710E-0AD1-4DBE-9532-511095932220}"
EndProject
Global
	GlobalSection(SolutionConfigurationPlatforms) = preSolution
		Debug|Any CPU = Debug|Any CPU
		Release|Any CPU = Release|Any CPU
	EndGlobalSection
	GlobalSection(ProjectConfigurationPlatforms) = postSolution
		{DE2FED07-935A-4AD8-9F16-98427BA417D0}.Debug|Any CPU.ActiveCfg = Debug|Any CPU
		{DE2FED07-935A-4AD8-9F16-98427BA417D0}.Debug|Any CPU.Build.0 = Debug|Any CPU
		{DE2FED07-935A-4AD8-9F16-98427BA417D0}.Release|Any CPU.ActiveCfg = Release|Any CPU
		{DE2FED07-935A-4AD8-9F16-98427BA417D0}.Release|Any CPU.Build.0 = Release|Any CPU
		{653F710E-0AD1-4DBE-9532-511095932220}.Debug|Any CPU.ActiveCfg = Debug|Any CPU
		{653F710E-0AD1-4DBE-9532-511095932220}.Debug|Any CPU.Build.0 = Debug|Any CPU
		{653F710E-0AD1-4DBE-9532-511095932220}.Release|Any CPU.ActiveCfg = Release|Any CPU
		{653F710E-0AD1-4DBE-9532-511095932220}.Release|Any CPU.Build.0 = Release|Any CPU
	EndGlobalSection
	GlobalSection(SolutionProperties) = preSolution
		HideSolutionNode = FALSE
	EndGlobalSection
	GlobalSection(ExtensibilityGlobals) = postSolution
		SolutionGuid = {9878FB9D-07E2-4DFA-9A0A-18FFF256E3F2}
	EndGlobalSection
EndGlobal
