
Microsoft Visual Studio Solution File, Format Version 12.00
# Visual Studio Version 16
VisualStudioVersion = 16.0.32228.343
MinimumVisualStudioVersion = 10.0.40219.1
Project("{FAE04EC0-301F-11D3-BF4B-00C04F79EFBC}") = "EjercicioC01-CotizadorDesktop", "EjercicioC01-CotizadorDesktop\EjercicioC01-CotizadorDesktop.csproj", "{6C3DFC1B-F7C3-42D0-A102-E66ADBD82060}"
EndProject
Project("{FAE04EC0-301F-11D3-BF4B-00C04F79EFBC}") = "Billetes", "Billetes\Billetes.csproj", "{3A7C9A00-3676-49CC-9869-21ECE0BEE99A}"
EndProject
Global
	GlobalSection(SolutionConfigurationPlatforms) = preSolution
		Debug|Any CPU = Debug|Any CPU
		Release|Any CPU = Release|Any CPU
	EndGlobalSection
	GlobalSection(ProjectConfigurationPlatforms) = postSolution
		{6C3DFC1B-F7C3-42D0-A102-E66ADBD82060}.Debug|Any CPU.ActiveCfg = Debug|Any CPU
		{6C3DFC1B-F7C3-42D0-A102-E66ADBD82060}.Debug|Any CPU.Build.0 = Debug|Any CPU
		{6C3DFC1B-F7C3-42D0-A102-E66ADBD82060}.Release|Any CPU.ActiveCfg = Release|Any CPU
		{6C3DFC1B-F7C3-42D0-A102-E66ADBD82060}.Release|Any CPU.Build.0 = Release|Any CPU
		{3A7C9A00-3676-49CC-9869-21ECE0BEE99A}.Debug|Any CPU.ActiveCfg = Debug|Any CPU
		{3A7C9A00-3676-49CC-9869-21ECE0BEE99A}.Debug|Any CPU.Build.0 = Debug|Any CPU
		{3A7C9A00-3676-49CC-9869-21ECE0BEE99A}.Release|Any CPU.ActiveCfg = Release|Any CPU
		{3A7C9A00-3676-49CC-9869-21ECE0BEE99A}.Release|Any CPU.Build.0 = Release|Any CPU
	EndGlobalSection
	GlobalSection(SolutionProperties) = preSolution
		HideSolutionNode = FALSE
	EndGlobalSection
	GlobalSection(ExtensibilityGlobals) = postSolution
		SolutionGuid = {FF47D954-29F4-47DA-A550-3C575F553CCC}
	EndGlobalSection
EndGlobal
