
Microsoft Visual Studio Solution File, Format Version 12.00
# Visual Studio Version 16
VisualStudioVersion = 16.0.32228.343
MinimumVisualStudioVersion = 10.0.40219.1
Project("{FAE04EC0-301F-11D3-BF4B-00C04F79EFBC}") = "EjercicioI04-Calculadora", "EjercicioI04-Calculadora\EjercicioI04-Calculadora.csproj", "{5DFED2EE-EDF2-458D-B7C9-DD31F677381C}"
EndProject
Project("{FAE04EC0-301F-11D3-BF4B-00C04F79EFBC}") = "Biblioteca", "Biblioteca\Biblioteca.csproj", "{1882D7AC-884A-4A9E-8CAB-94D96724597C}"
EndProject
Global
	GlobalSection(SolutionConfigurationPlatforms) = preSolution
		Debug|Any CPU = Debug|Any CPU
		Release|Any CPU = Release|Any CPU
	EndGlobalSection
	GlobalSection(ProjectConfigurationPlatforms) = postSolution
		{5DFED2EE-EDF2-458D-B7C9-DD31F677381C}.Debug|Any CPU.ActiveCfg = Debug|Any CPU
		{5DFED2EE-EDF2-458D-B7C9-DD31F677381C}.Debug|Any CPU.Build.0 = Debug|Any CPU
		{5DFED2EE-EDF2-458D-B7C9-DD31F677381C}.Release|Any CPU.ActiveCfg = Release|Any CPU
		{5DFED2EE-EDF2-458D-B7C9-DD31F677381C}.Release|Any CPU.Build.0 = Release|Any CPU
		{1882D7AC-884A-4A9E-8CAB-94D96724597C}.Debug|Any CPU.ActiveCfg = Debug|Any CPU
		{1882D7AC-884A-4A9E-8CAB-94D96724597C}.Debug|Any CPU.Build.0 = Debug|Any CPU
		{1882D7AC-884A-4A9E-8CAB-94D96724597C}.Release|Any CPU.ActiveCfg = Release|Any CPU
		{1882D7AC-884A-4A9E-8CAB-94D96724597C}.Release|Any CPU.Build.0 = Release|Any CPU
	EndGlobalSection
	GlobalSection(SolutionProperties) = preSolution
		HideSolutionNode = FALSE
	EndGlobalSection
	GlobalSection(ExtensibilityGlobals) = postSolution
		SolutionGuid = {CCC077D2-FE02-4009-8882-7C533B7EABE2}
	EndGlobalSection
EndGlobal
