
Microsoft Visual Studio Solution File, Format Version 12.00
# Visual Studio Version 16
VisualStudioVersion = 16.0.32228.343
MinimumVisualStudioVersion = 10.0.40219.1
Project("{FAE04EC0-301F-11D3-BF4B-00C04F79EFBC}") = "EjercicioI01-Sobreescribiendo", "EjercicioI01-Sobreescribiendo\EjercicioI01-Sobreescribiendo.csproj", "{D6592C1C-BE8D-4379-AAAC-75F094309224}"
EndProject
Project("{FAE04EC0-301F-11D3-BF4B-00C04F79EFBC}") = "Entidades", "Entidades\Entidades.csproj", "{4287DB9A-0E0D-46E0-8CB3-D7E535B32D12}"
EndProject
Global
	GlobalSection(SolutionConfigurationPlatforms) = preSolution
		Debug|Any CPU = Debug|Any CPU
		Release|Any CPU = Release|Any CPU
	EndGlobalSection
	GlobalSection(ProjectConfigurationPlatforms) = postSolution
		{D6592C1C-BE8D-4379-AAAC-75F094309224}.Debug|Any CPU.ActiveCfg = Debug|Any CPU
		{D6592C1C-BE8D-4379-AAAC-75F094309224}.Debug|Any CPU.Build.0 = Debug|Any CPU
		{D6592C1C-BE8D-4379-AAAC-75F094309224}.Release|Any CPU.ActiveCfg = Release|Any CPU
		{D6592C1C-BE8D-4379-AAAC-75F094309224}.Release|Any CPU.Build.0 = Release|Any CPU
		{4287DB9A-0E0D-46E0-8CB3-D7E535B32D12}.Debug|Any CPU.ActiveCfg = Debug|Any CPU
		{4287DB9A-0E0D-46E0-8CB3-D7E535B32D12}.Debug|Any CPU.Build.0 = Debug|Any CPU
		{4287DB9A-0E0D-46E0-8CB3-D7E535B32D12}.Release|Any CPU.ActiveCfg = Release|Any CPU
		{4287DB9A-0E0D-46E0-8CB3-D7E535B32D12}.Release|Any CPU.Build.0 = Release|Any CPU
	EndGlobalSection
	GlobalSection(SolutionProperties) = preSolution
		HideSolutionNode = FALSE
	EndGlobalSection
	GlobalSection(ExtensibilityGlobals) = postSolution
		SolutionGuid = {398A6EB1-2CEE-4475-9159-0CF606E243D5}
	EndGlobalSection
EndGlobal
