
Microsoft Visual Studio Solution File, Format Version 12.00
# Visual Studio Version 16
VisualStudioVersion = 16.0.32228.343
MinimumVisualStudioVersion = 10.0.40219.1
Project("{9A19103F-16F7-4668-BE54-9A1E7A4F7556}") = "Entidades", "Entidades\Entidades.csproj", "{C389EA32-318B-412C-831D-54774604287A}"
EndProject
Project("{FAE04EC0-301F-11D3-BF4B-00C04F79EFBC}") = "Formularios", "Formularios\Formularios.csproj", "{CA44C5FA-062A-4606-A2E5-8BFD84F66256}"
EndProject
Global
	GlobalSection(SolutionConfigurationPlatforms) = preSolution
		Debug|Any CPU = Debug|Any CPU
		Release|Any CPU = Release|Any CPU
	EndGlobalSection
	GlobalSection(ProjectConfigurationPlatforms) = postSolution
		{C389EA32-318B-412C-831D-54774604287A}.Debug|Any CPU.ActiveCfg = Debug|Any CPU
		{C389EA32-318B-412C-831D-54774604287A}.Debug|Any CPU.Build.0 = Debug|Any CPU
		{C389EA32-318B-412C-831D-54774604287A}.Release|Any CPU.ActiveCfg = Release|Any CPU
		{C389EA32-318B-412C-831D-54774604287A}.Release|Any CPU.Build.0 = Release|Any CPU
		{CA44C5FA-062A-4606-A2E5-8BFD84F66256}.Debug|Any CPU.ActiveCfg = Debug|Any CPU
		{CA44C5FA-062A-4606-A2E5-8BFD84F66256}.Debug|Any CPU.Build.0 = Debug|Any CPU
		{CA44C5FA-062A-4606-A2E5-8BFD84F66256}.Release|Any CPU.ActiveCfg = Release|Any CPU
		{CA44C5FA-062A-4606-A2E5-8BFD84F66256}.Release|Any CPU.Build.0 = Release|Any CPU
	EndGlobalSection
	GlobalSection(SolutionProperties) = preSolution
		HideSolutionNode = FALSE
	EndGlobalSection
	GlobalSection(ExtensibilityGlobals) = postSolution
		SolutionGuid = {23B2BA95-46E5-42C4-B876-7B4E91040897}
	EndGlobalSection
EndGlobal
