
Microsoft Visual Studio Solution File, Format Version 12.00
# Visual Studio Version 16
VisualStudioVersion = 16.0.32228.343
MinimumVisualStudioVersion = 10.0.40219.1
Project("{FAE04EC0-301F-11D3-BF4B-00C04F79EFBC}") = "EjercicioI01-HolaWF", "EjercicioI01-HolaWF\EjercicioI01-HolaWF.csproj", "{BECF9665-77F0-4C50-ADBF-BE49A6F6231A}"
EndProject
Global
	GlobalSection(SolutionConfigurationPlatforms) = preSolution
		Debug|Any CPU = Debug|Any CPU
		Release|Any CPU = Release|Any CPU
	EndGlobalSection
	GlobalSection(ProjectConfigurationPlatforms) = postSolution
		{BECF9665-77F0-4C50-ADBF-BE49A6F6231A}.Debug|Any CPU.ActiveCfg = Debug|Any CPU
		{BECF9665-77F0-4C50-ADBF-BE49A6F6231A}.Debug|Any CPU.Build.0 = Debug|Any CPU
		{BECF9665-77F0-4C50-ADBF-BE49A6F6231A}.Release|Any CPU.ActiveCfg = Release|Any CPU
		{BECF9665-77F0-4C50-ADBF-BE49A6F6231A}.Release|Any CPU.Build.0 = Release|Any CPU
	EndGlobalSection
	GlobalSection(SolutionProperties) = preSolution
		HideSolutionNode = FALSE
	EndGlobalSection
	GlobalSection(ExtensibilityGlobals) = postSolution
		SolutionGuid = {90D26AC4-EF5F-48C6-8ECF-5952B9FCEA06}
	EndGlobalSection
EndGlobal
