
Microsoft Visual Studio Solution File, Format Version 12.00
# Visual Studio Version 16
VisualStudioVersion = 16.0.32228.343
MinimumVisualStudioVersion = 10.0.40219.1
Project("{FAE04EC0-301F-11D3-BF4B-00C04F79EFBC}") = "EjercicioI02-Prmaveras", "EjercicioI02-Prmaveras\EjercicioI02-Prmaveras.csproj", "{9DD18DF6-94E4-4F16-9AFC-6579310C0CC4}"
EndProject
Project("{FAE04EC0-301F-11D3-BF4B-00C04F79EFBC}") = "Biblioteca", "Biblioteca\Biblioteca.csproj", "{2B79389A-99BC-4892-A07D-030FD8593767}"
EndProject
Global
	GlobalSection(SolutionConfigurationPlatforms) = preSolution
		Debug|Any CPU = Debug|Any CPU
		Release|Any CPU = Release|Any CPU
	EndGlobalSection
	GlobalSection(ProjectConfigurationPlatforms) = postSolution
		{9DD18DF6-94E4-4F16-9AFC-6579310C0CC4}.Debug|Any CPU.ActiveCfg = Debug|Any CPU
		{9DD18DF6-94E4-4F16-9AFC-6579310C0CC4}.Debug|Any CPU.Build.0 = Debug|Any CPU
		{9DD18DF6-94E4-4F16-9AFC-6579310C0CC4}.Release|Any CPU.ActiveCfg = Release|Any CPU
		{9DD18DF6-94E4-4F16-9AFC-6579310C0CC4}.Release|Any CPU.Build.0 = Release|Any CPU
		{2B79389A-99BC-4892-A07D-030FD8593767}.Debug|Any CPU.ActiveCfg = Debug|Any CPU
		{2B79389A-99BC-4892-A07D-030FD8593767}.Debug|Any CPU.Build.0 = Debug|Any CPU
		{2B79389A-99BC-4892-A07D-030FD8593767}.Release|Any CPU.ActiveCfg = Release|Any CPU
		{2B79389A-99BC-4892-A07D-030FD8593767}.Release|Any CPU.Build.0 = Release|Any CPU
	EndGlobalSection
	GlobalSection(SolutionProperties) = preSolution
		HideSolutionNode = FALSE
	EndGlobalSection
	GlobalSection(ExtensibilityGlobals) = postSolution
		SolutionGuid = {627558E3-D088-40B3-89B0-4FFF51E596A3}
	EndGlobalSection
EndGlobal
