
Microsoft Visual Studio Solution File, Format Version 12.00
# Visual Studio Version 16
VisualStudioVersion = 16.0.32228.343
MinimumVisualStudioVersion = 10.0.40219.1
Project("{9A19103F-16F7-4668-BE54-9A1E7A4F7556}") = "EjercicioI02-AtrapameSiPuedes", "EjercicioI02-AtrapameSiPuedes\EjercicioI02-AtrapameSiPuedes.csproj", "{A015C350-D75D-49E2-84D9-F0555DC04725}"
EndProject
Project("{FAE04EC0-301F-11D3-BF4B-00C04F79EFBC}") = "Entidades", "Entidades\Entidades.csproj", "{D1B6D7D5-45CF-4415-B5FA-7BF5C3A7D988}"
EndProject
Global
	GlobalSection(SolutionConfigurationPlatforms) = preSolution
		Debug|Any CPU = Debug|Any CPU
		Release|Any CPU = Release|Any CPU
	EndGlobalSection
	GlobalSection(ProjectConfigurationPlatforms) = postSolution
		{A015C350-D75D-49E2-84D9-F0555DC04725}.Debug|Any CPU.ActiveCfg = Debug|Any CPU
		{A015C350-D75D-49E2-84D9-F0555DC04725}.Debug|Any CPU.Build.0 = Debug|Any CPU
		{A015C350-D75D-49E2-84D9-F0555DC04725}.Release|Any CPU.ActiveCfg = Release|Any CPU
		{A015C350-D75D-49E2-84D9-F0555DC04725}.Release|Any CPU.Build.0 = Release|Any CPU
		{D1B6D7D5-45CF-4415-B5FA-7BF5C3A7D988}.Debug|Any CPU.ActiveCfg = Debug|Any CPU
		{D1B6D7D5-45CF-4415-B5FA-7BF5C3A7D988}.Debug|Any CPU.Build.0 = Debug|Any CPU
		{D1B6D7D5-45CF-4415-B5FA-7BF5C3A7D988}.Release|Any CPU.ActiveCfg = Release|Any CPU
		{D1B6D7D5-45CF-4415-B5FA-7BF5C3A7D988}.Release|Any CPU.Build.0 = Release|Any CPU
	EndGlobalSection
	GlobalSection(SolutionProperties) = preSolution
		HideSolutionNode = FALSE
	EndGlobalSection
	GlobalSection(ExtensibilityGlobals) = postSolution
		SolutionGuid = {193B86F2-4CDA-4611-9793-7FE5CFCCD7D3}
	EndGlobalSection
EndGlobal
