
Microsoft Visual Studio Solution File, Format Version 12.00
# Visual Studio Version 16
VisualStudioVersion = 16.0.32228.343
MinimumVisualStudioVersion = 10.0.40219.1
Project("{9A19103F-16F7-4668-BE54-9A1E7A4F7556}") = "Entidades", "Entidades\Entidades.csproj", "{77350F21-0B18-42FE-AB90-BE862269E8F7}"
EndProject
Project("{FAE04EC0-301F-11D3-BF4B-00C04F79EFBC}") = "Consola", "Consola\Consola.csproj", "{1434E417-81B7-433F-A485-94C9535231F3}"
EndProject
Global
	GlobalSection(SolutionConfigurationPlatforms) = preSolution
		Debug|Any CPU = Debug|Any CPU
		Release|Any CPU = Release|Any CPU
	EndGlobalSection
	GlobalSection(ProjectConfigurationPlatforms) = postSolution
		{77350F21-0B18-42FE-AB90-BE862269E8F7}.Debug|Any CPU.ActiveCfg = Debug|Any CPU
		{77350F21-0B18-42FE-AB90-BE862269E8F7}.Debug|Any CPU.Build.0 = Debug|Any CPU
		{77350F21-0B18-42FE-AB90-BE862269E8F7}.Release|Any CPU.ActiveCfg = Release|Any CPU
		{77350F21-0B18-42FE-AB90-BE862269E8F7}.Release|Any CPU.Build.0 = Release|Any CPU
		{1434E417-81B7-433F-A485-94C9535231F3}.Debug|Any CPU.ActiveCfg = Debug|Any CPU
		{1434E417-81B7-433F-A485-94C9535231F3}.Debug|Any CPU.Build.0 = Debug|Any CPU
		{1434E417-81B7-433F-A485-94C9535231F3}.Release|Any CPU.ActiveCfg = Release|Any CPU
		{1434E417-81B7-433F-A485-94C9535231F3}.Release|Any CPU.Build.0 = Release|Any CPU
	EndGlobalSection
	GlobalSection(SolutionProperties) = preSolution
		HideSolutionNode = FALSE
	EndGlobalSection
	GlobalSection(ExtensibilityGlobals) = postSolution
		SolutionGuid = {6AE16B20-B111-41D2-9FDB-5492AF6D2491}
	EndGlobalSection
EndGlobal
