
Microsoft Visual Studio Solution File, Format Version 12.00
# Visual Studio Version 16
VisualStudioVersion = 16.0.32228.343
MinimumVisualStudioVersion = 10.0.40219.1
Project("{FAE04EC0-301F-11D3-BF4B-00C04F79EFBC}") = "Consola", "Consola\Consola.csproj", "{16D117D2-A4A6-4B89-A8D0-A30AD77EC78C}"
EndProject
Project("{FAE04EC0-301F-11D3-BF4B-00C04F79EFBC}") = "Entidades", "Entidades\Entidades.csproj", "{71958505-FFD3-4977-8043-E990E13DADAD}"
EndProject
Global
	GlobalSection(SolutionConfigurationPlatforms) = preSolution
		Debug|Any CPU = Debug|Any CPU
		Release|Any CPU = Release|Any CPU
	EndGlobalSection
	GlobalSection(ProjectConfigurationPlatforms) = postSolution
		{16D117D2-A4A6-4B89-A8D0-A30AD77EC78C}.Debug|Any CPU.ActiveCfg = Debug|Any CPU
		{16D117D2-A4A6-4B89-A8D0-A30AD77EC78C}.Debug|Any CPU.Build.0 = Debug|Any CPU
		{16D117D2-A4A6-4B89-A8D0-A30AD77EC78C}.Release|Any CPU.ActiveCfg = Release|Any CPU
		{16D117D2-A4A6-4B89-A8D0-A30AD77EC78C}.Release|Any CPU.Build.0 = Release|Any CPU
		{71958505-FFD3-4977-8043-E990E13DADAD}.Debug|Any CPU.ActiveCfg = Debug|Any CPU
		{71958505-FFD3-4977-8043-E990E13DADAD}.Debug|Any CPU.Build.0 = Debug|Any CPU
		{71958505-FFD3-4977-8043-E990E13DADAD}.Release|Any CPU.ActiveCfg = Release|Any CPU
		{71958505-FFD3-4977-8043-E990E13DADAD}.Release|Any CPU.Build.0 = Release|Any CPU
	EndGlobalSection
	GlobalSection(SolutionProperties) = preSolution
		HideSolutionNode = FALSE
	EndGlobalSection
	GlobalSection(ExtensibilityGlobals) = postSolution
		SolutionGuid = {5573A188-6652-4448-A72C-8BF9386643C3}
	EndGlobalSection
EndGlobal
