
Microsoft Visual Studio Solution File, Format Version 12.00
# Visual Studio Version 16
VisualStudioVersion = 16.0.32228.343
MinimumVisualStudioVersion = 10.0.40219.1
Project("{FAE04EC0-301F-11D3-BF4B-00C04F79EFBC}") = "EjercicioI05-Tablas", "EjercicioI05-Tablas\EjercicioI05-Tablas.csproj", "{7F45E278-AC85-4F06-8ECC-E44E734B602E}"
EndProject
Global
	GlobalSection(SolutionConfigurationPlatforms) = preSolution
		Debug|Any CPU = Debug|Any CPU
		Release|Any CPU = Release|Any CPU
	EndGlobalSection
	GlobalSection(ProjectConfigurationPlatforms) = postSolution
		{7F45E278-AC85-4F06-8ECC-E44E734B602E}.Debug|Any CPU.ActiveCfg = Debug|Any CPU
		{7F45E278-AC85-4F06-8ECC-E44E734B602E}.Debug|Any CPU.Build.0 = Debug|Any CPU
		{7F45E278-AC85-4F06-8ECC-E44E734B602E}.Release|Any CPU.ActiveCfg = Release|Any CPU
		{7F45E278-AC85-4F06-8ECC-E44E734B602E}.Release|Any CPU.Build.0 = Release|Any CPU
	EndGlobalSection
	GlobalSection(SolutionProperties) = preSolution
		HideSolutionNode = FALSE
	EndGlobalSection
	GlobalSection(ExtensibilityGlobals) = postSolution
		SolutionGuid = {687D3828-A832-42B7-99D3-EF108CB1C004}
	EndGlobalSection
EndGlobal
