
Microsoft Visual Studio Solution File, Format Version 12.00
# Visual Studio Version 16
VisualStudioVersion = 16.0.32228.343
MinimumVisualStudioVersion = 10.0.40219.1
Project("{FAE04EC0-301F-11D3-BF4B-00C04F79EFBC}") = "EjercicioI08", "EjercicioI08\EjercicioI08.csproj", "{70DB98BE-7C5A-485C-B48B-7F9AB3BF8802}"
EndProject
Global
	GlobalSection(SolutionConfigurationPlatforms) = preSolution
		Debug|Any CPU = Debug|Any CPU
		Release|Any CPU = Release|Any CPU
	EndGlobalSection
	GlobalSection(ProjectConfigurationPlatforms) = postSolution
		{70DB98BE-7C5A-485C-B48B-7F9AB3BF8802}.Debug|Any CPU.ActiveCfg = Debug|Any CPU
		{70DB98BE-7C5A-485C-B48B-7F9AB3BF8802}.Debug|Any CPU.Build.0 = Debug|Any CPU
		{70DB98BE-7C5A-485C-B48B-7F9AB3BF8802}.Release|Any CPU.ActiveCfg = Release|Any CPU
		{70DB98BE-7C5A-485C-B48B-7F9AB3BF8802}.Release|Any CPU.Build.0 = Release|Any CPU
	EndGlobalSection
	GlobalSection(SolutionProperties) = preSolution
		HideSolutionNode = FALSE
	EndGlobalSection
	GlobalSection(ExtensibilityGlobals) = postSolution
		SolutionGuid = {F675AFFC-7CC1-4501-9FE4-119F7875C570}
	EndGlobalSection
EndGlobal
