
Microsoft Visual Studio Solution File, Format Version 12.00
# Visual Studio Version 16
VisualStudioVersion = 16.0.32228.343
MinimumVisualStudioVersion = 10.0.40219.1
Project("{FAE04EC0-301F-11D3-BF4B-00C04F79EFBC}") = "EjercicioI01-Validador", "EjercicioI01-Validador\EjercicioI01-Validador.csproj", "{DA6BCBA5-CC55-4C46-94F9-F431099A7110}"
EndProject
Project("{FAE04EC0-301F-11D3-BF4B-00C04F79EFBC}") = "Biblioteca", "Biblioteca\Biblioteca.csproj", "{22B901C0-7CD0-48F0-AFA0-D59B18CA28EA}"
EndProject
Global
	GlobalSection(SolutionConfigurationPlatforms) = preSolution
		Debug|Any CPU = Debug|Any CPU
		Release|Any CPU = Release|Any CPU
	EndGlobalSection
	GlobalSection(ProjectConfigurationPlatforms) = postSolution
		{DA6BCBA5-CC55-4C46-94F9-F431099A7110}.Debug|Any CPU.ActiveCfg = Debug|Any CPU
		{DA6BCBA5-CC55-4C46-94F9-F431099A7110}.Debug|Any CPU.Build.0 = Debug|Any CPU
		{DA6BCBA5-CC55-4C46-94F9-F431099A7110}.Release|Any CPU.ActiveCfg = Release|Any CPU
		{DA6BCBA5-CC55-4C46-94F9-F431099A7110}.Release|Any CPU.Build.0 = Release|Any CPU
		{22B901C0-7CD0-48F0-AFA0-D59B18CA28EA}.Debug|Any CPU.ActiveCfg = Debug|Any CPU
		{22B901C0-7CD0-48F0-AFA0-D59B18CA28EA}.Debug|Any CPU.Build.0 = Debug|Any CPU
		{22B901C0-7CD0-48F0-AFA0-D59B18CA28EA}.Release|Any CPU.ActiveCfg = Release|Any CPU
		{22B901C0-7CD0-48F0-AFA0-D59B18CA28EA}.Release|Any CPU.Build.0 = Release|Any CPU
	EndGlobalSection
	GlobalSection(SolutionProperties) = preSolution
		HideSolutionNode = FALSE
	EndGlobalSection
	GlobalSection(ExtensibilityGlobals) = postSolution
		SolutionGuid = {DEBF82EF-CEF4-442B-8B97-EA69CA6E3773}
	EndGlobalSection
EndGlobal
