
Microsoft Visual Studio Solution File, Format Version 12.00
# Visual Studio Version 16
VisualStudioVersion = 16.0.32228.343
MinimumVisualStudioVersion = 10.0.40219.1
Project("{FAE04EC0-301F-11D3-BF4B-00C04F79EFBC}") = "EjercicioI06-Areas", "EjercicioI06-Areas\EjercicioI06-Areas.csproj", "{7AA2F0C3-B7D7-4EB5-8113-83927F43A788}"
EndProject
Project("{FAE04EC0-301F-11D3-BF4B-00C04F79EFBC}") = "Biblioteca", "Biblioteca\Biblioteca.csproj", "{8146CA1F-896A-4B55-84BC-772E9D444123}"
EndProject
Global
	GlobalSection(SolutionConfigurationPlatforms) = preSolution
		Debug|Any CPU = Debug|Any CPU
		Release|Any CPU = Release|Any CPU
	EndGlobalSection
	GlobalSection(ProjectConfigurationPlatforms) = postSolution
		{7AA2F0C3-B7D7-4EB5-8113-83927F43A788}.Debug|Any CPU.ActiveCfg = Debug|Any CPU
		{7AA2F0C3-B7D7-4EB5-8113-83927F43A788}.Debug|Any CPU.Build.0 = Debug|Any CPU
		{7AA2F0C3-B7D7-4EB5-8113-83927F43A788}.Release|Any CPU.ActiveCfg = Release|Any CPU
		{7AA2F0C3-B7D7-4EB5-8113-83927F43A788}.Release|Any CPU.Build.0 = Release|Any CPU
		{8146CA1F-896A-4B55-84BC-772E9D444123}.Debug|Any CPU.ActiveCfg = Debug|Any CPU
		{8146CA1F-896A-4B55-84BC-772E9D444123}.Debug|Any CPU.Build.0 = Debug|Any CPU
		{8146CA1F-896A-4B55-84BC-772E9D444123}.Release|Any CPU.ActiveCfg = Release|Any CPU
		{8146CA1F-896A-4B55-84BC-772E9D444123}.Release|Any CPU.Build.0 = Release|Any CPU
	EndGlobalSection
	GlobalSection(SolutionProperties) = preSolution
		HideSolutionNode = FALSE
	EndGlobalSection
	GlobalSection(ExtensibilityGlobals) = postSolution
		SolutionGuid = {F4775840-84C1-4541-9C7D-026EE30833F6}
	EndGlobalSection
EndGlobal
