
Microsoft Visual Studio Solution File, Format Version 12.00
# Visual Studio Version 16
VisualStudioVersion = 16.0.32228.343
MinimumVisualStudioVersion = 10.0.40219.1
Project("{FAE04EC0-301F-11D3-BF4B-00C04F79EFBC}") = "Formularios", "Formularios\Formularios.csproj", "{F924458D-A483-44DF-A895-036D6106C021}"
EndProject
Global
	GlobalSection(SolutionConfigurationPlatforms) = preSolution
		Debug|Any CPU = Debug|Any CPU
		Release|Any CPU = Release|Any CPU
	EndGlobalSection
	GlobalSection(ProjectConfigurationPlatforms) = postSolution
		{F924458D-A483-44DF-A895-036D6106C021}.Debug|Any CPU.ActiveCfg = Debug|Any CPU
		{F924458D-A483-44DF-A895-036D6106C021}.Debug|Any CPU.Build.0 = Debug|Any CPU
		{F924458D-A483-44DF-A895-036D6106C021}.Release|Any CPU.ActiveCfg = Release|Any CPU
		{F924458D-A483-44DF-A895-036D6106C021}.Release|Any CPU.Build.0 = Release|Any CPU
	EndGlobalSection
	GlobalSection(SolutionProperties) = preSolution
		HideSolutionNode = FALSE
	EndGlobalSection
	GlobalSection(ExtensibilityGlobals) = postSolution
		SolutionGuid = {84B6A67E-1F22-4E09-8928-9D1343318472}
	EndGlobalSection
EndGlobal
