
Microsoft Visual Studio Solution File, Format Version 12.00
# Visual Studio Version 16
VisualStudioVersion = 16.0.32228.343
MinimumVisualStudioVersion = 10.0.40219.1
Project("{FAE04EC0-301F-11D3-BF4B-00C04F79EFBC}") = "Entidades", "Entidades\Entidades.csproj", "{401DA1BE-0F5D-4AB3-855F-1558E9565200}"
EndProject
Project("{FAE04EC0-301F-11D3-BF4B-00C04F79EFBC}") = "Consola", "Consola\Consola.csproj", "{F86DA96D-CF89-4BCE-A2A5-C28B367A5284}"
EndProject
Global
	GlobalSection(SolutionConfigurationPlatforms) = preSolution
		Debug|Any CPU = Debug|Any CPU
		Release|Any CPU = Release|Any CPU
	EndGlobalSection
	GlobalSection(ProjectConfigurationPlatforms) = postSolution
		{401DA1BE-0F5D-4AB3-855F-1558E9565200}.Debug|Any CPU.ActiveCfg = Debug|Any CPU
		{401DA1BE-0F5D-4AB3-855F-1558E9565200}.Debug|Any CPU.Build.0 = Debug|Any CPU
		{401DA1BE-0F5D-4AB3-855F-1558E9565200}.Release|Any CPU.ActiveCfg = Release|Any CPU
		{401DA1BE-0F5D-4AB3-855F-1558E9565200}.Release|Any CPU.Build.0 = Release|Any CPU
		{F86DA96D-CF89-4BCE-A2A5-C28B367A5284}.Debug|Any CPU.ActiveCfg = Debug|Any CPU
		{F86DA96D-CF89-4BCE-A2A5-C28B367A5284}.Debug|Any CPU.Build.0 = Debug|Any CPU
		{F86DA96D-CF89-4BCE-A2A5-C28B367A5284}.Release|Any CPU.ActiveCfg = Release|Any CPU
		{F86DA96D-CF89-4BCE-A2A5-C28B367A5284}.Release|Any CPU.Build.0 = Release|Any CPU
	EndGlobalSection
	GlobalSection(SolutionProperties) = preSolution
		HideSolutionNode = FALSE
	EndGlobalSection
	GlobalSection(ExtensibilityGlobals) = postSolution
		SolutionGuid = {299DB3C0-3877-4119-A054-1FBE9DE50A23}
	EndGlobalSection
EndGlobal
