
Microsoft Visual Studio Solution File, Format Version 12.00
# Visual Studio Version 16
VisualStudioVersion = 16.0.32228.343
MinimumVisualStudioVersion = 10.0.40219.1
Project("{FAE04EC0-301F-11D3-BF4B-00C04F79EFBC}") = "EjercicioI03-EjemploUniversal", "EjercicioI03-EjemploUniversal\EjercicioI03-EjemploUniversal.csproj", "{CF258831-989E-4873-B364-0F562861DECF}"
EndProject
Project("{FAE04EC0-301F-11D3-BF4B-00C04F79EFBC}") = "Biblioteca", "Biblioteca\Biblioteca.csproj", "{1FC301DC-6DC7-4D8D-B7A7-D05928CCC946}"
EndProject
Global
	GlobalSection(SolutionConfigurationPlatforms) = preSolution
		Debug|Any CPU = Debug|Any CPU
		Release|Any CPU = Release|Any CPU
	EndGlobalSection
	GlobalSection(ProjectConfigurationPlatforms) = postSolution
		{CF258831-989E-4873-B364-0F562861DECF}.Debug|Any CPU.ActiveCfg = Debug|Any CPU
		{CF258831-989E-4873-B364-0F562861DECF}.Debug|Any CPU.Build.0 = Debug|Any CPU
		{CF258831-989E-4873-B364-0F562861DECF}.Release|Any CPU.ActiveCfg = Release|Any CPU
		{CF258831-989E-4873-B364-0F562861DECF}.Release|Any CPU.Build.0 = Release|Any CPU
		{1FC301DC-6DC7-4D8D-B7A7-D05928CCC946}.Debug|Any CPU.ActiveCfg = Debug|Any CPU
		{1FC301DC-6DC7-4D8D-B7A7-D05928CCC946}.Debug|Any CPU.Build.0 = Debug|Any CPU
		{1FC301DC-6DC7-4D8D-B7A7-D05928CCC946}.Release|Any CPU.ActiveCfg = Release|Any CPU
		{1FC301DC-6DC7-4D8D-B7A7-D05928CCC946}.Release|Any CPU.Build.0 = Release|Any CPU
	EndGlobalSection
	GlobalSection(SolutionProperties) = preSolution
		HideSolutionNode = FALSE
	EndGlobalSection
	GlobalSection(ExtensibilityGlobals) = postSolution
		SolutionGuid = {1AFEB276-4E64-46CC-B5DB-0465294B1E18}
	EndGlobalSection
EndGlobal
